# This file is automatically @generated by Cargo.
# It is not intended for manual editing.
version = 4

[[package]]
name = "hello"
version = "0.1.0"
dependencies = [
 "hepos-rt",
 "hepos-std",
]

[[package]]
name = "hepos-rt"
version = "0.1.0"

[[package]]
name = "hepos-std"
version = "0.1.0"
dependencies = [
 "hepos-rt",
]
